
Microsoft Visual Studio Solution File, Format Version 12.00
# Visual Studio Version 17
VisualStudioVersion = 17.5.002.0
MinimumVisualStudioVersion = 10.0.40219.1
Project("{9A19103F-16F7-4668-BE54-9A1E7A4F7556}") = "MoreSaveSlot", "MoreSaveSlot.csproj", "{F0EEE7F0-B24E-4AEA-ACEF-0B84CB1B1A92}"
EndProject
Global
	GlobalSection(SolutionConfigurationPlatforms) = preSolution
		Debug|Any CPU = Debug|Any CPU
		Release|Any CPU = Release|Any CPU
	EndGlobalSection
	GlobalSection(ProjectConfigurationPlatforms) = postSolution
		{F0EEE7F0-B24E-4AEA-ACEF-0B84CB1B1A92}.Debug|Any CPU.ActiveCfg = Debug|Any CPU
		{F0EEE7F0-B24E-4AEA-ACEF-0B84CB1B1A92}.Debug|Any CPU.Build.0 = Debug|Any CPU
		{F0EEE7F0-B24E-4AEA-ACEF-0B84CB1B1A92}.Release|Any CPU.ActiveCfg = Release|Any CPU
		{F0EEE7F0-B24E-4AEA-ACEF-0B84CB1B1A92}.Release|Any CPU.Build.0 = Release|Any CPU
	EndGlobalSection
	GlobalSection(SolutionProperties) = preSolution
		HideSolutionNode = FALSE
	EndGlobalSection
	GlobalSection(ExtensibilityGlobals) = postSolution
		SolutionGuid = {59380835-09A7-4C13-A0F1-E8E11F6942FE}
	EndGlobalSection
EndGlobal
